
Microsoft Visual Studio Solution File, Format Version 12.00
# Visual Studio Version 17
VisualStudioVersion = 17.14.36414.22 d17.14
MinimumVisualStudioVersion = 10.0.40219.1
Project("{FAE04EC0-301F-11D3-BF4B-00C04F79EFBC}") = "SubscriptionManager", "SubscriptionManager.csproj", "{3C0F0DDB-638E-4CA0-9984-41F50C3EF95A}"
EndProject
Global
	GlobalSection(SolutionConfigurationPlatforms) = preSolution
		Debug|Any CPU = Debug|Any CPU
		Release|Any CPU = Release|Any CPU
	EndGlobalSection
	GlobalSection(ProjectConfigurationPlatforms) = postSolution
		{3C0F0DDB-638E-4CA0-9984-41F50C3EF95A}.Debug|Any CPU.ActiveCfg = Debug|Any CPU
		{3C0F0DDB-638E-4CA0-9984-41F50C3EF95A}.Debug|Any CPU.Build.0 = Debug|Any CPU
		{3C0F0DDB-638E-4CA0-9984-41F50C3EF95A}.Release|Any CPU.ActiveCfg = Release|Any CPU
		{3C0F0DDB-638E-4CA0-9984-41F50C3EF95A}.Release|Any CPU.Build.0 = Release|Any CPU
	EndGlobalSection
	GlobalSection(SolutionProperties) = preSolution
		HideSolutionNode = FALSE
	EndGlobalSection
	GlobalSection(ExtensibilityGlobals) = postSolution
		SolutionGuid = {A50A56AD-2947-4DA3-93AB-581B03779469}
	EndGlobalSection
EndGlobal
